
Microsoft Visual Studio Solution File, Format Version 12.00
# Visual Studio Version 17
VisualStudioVersion = 17.6.33723.286
MinimumVisualStudioVersion = 10.0.40219.1
Project("{FAE04EC0-301F-11D3-BF4B-00C04F79EFBC}") = "ConsoleApp1", "ConsoleApp1.csproj", "{1DFFC8BA-E37B-45ED-9FD1-931776E7245A}"
EndProject
Global
	GlobalSection(SolutionConfigurationPlatforms) = preSolution
		Debug|Any CPU = Debug|Any CPU
		Release|Any CPU = Release|Any CPU
	EndGlobalSection
	GlobalSection(ProjectConfigurationPlatforms) = postSolution
		{1DFFC8BA-E37B-45ED-9FD1-931776E7245A}.Debug|Any CPU.ActiveCfg = Debug|Any CPU
		{1DFFC8BA-E37B-45ED-9FD1-931776E7245A}.Debug|Any CPU.Build.0 = Debug|Any CPU
		{1DFFC8BA-E37B-45ED-9FD1-931776E7245A}.Release|Any CPU.ActiveCfg = Release|Any CPU
		{1DFFC8BA-E37B-45ED-9FD1-931776E7245A}.Release|Any CPU.Build.0 = Release|Any CPU
	EndGlobalSection
	GlobalSection(SolutionProperties) = preSolution
		HideSolutionNode = FALSE
	EndGlobalSection
	GlobalSection(ExtensibilityGlobals) = postSolution
		SolutionGuid = {9A27FB88-CAE0-4DDD-8D4B-7A1264F3120B}
	EndGlobalSection
EndGlobal
